// !$*UTF8*$!
{
	archiveVersion = 1;
	classes = {
	};
	objectVersion = 55;
	objects = {

/* Begin PBXBuildFile section */
		A11E90B0285DFECF00FA5D95 /* SignUpCoordinator.swift in Sources */ = {isa = PBXBuildFile; fileRef = A11E90AF285DFECF00FA5D95 /* SignUpCoordinator.swift */; };
		A11E90B7285E0AA200FA5D95 /* LoginViewController.swift in Sources */ = {isa = PBXBuildFile; fileRef = A11E90B6285E0AA200FA5D95 /* LoginViewController.swift */; };
		A11E90B9285E0D1100FA5D95 /* LoginCoordinator.swift in Sources */ = {isa = PBXBuildFile; fileRef = A11E90B8285E0D1100FA5D95 /* LoginCoordinator.swift */; };
		A11E90BC2860560400FA5D95 /* ForgotPasswordViewController.swift in Sources */ = {isa = PBXBuildFile; fileRef = A11E90BB2860560400FA5D95 /* ForgotPasswordViewController.swift */; };
		A11E90BE2860561A00FA5D95 /* ForgotPasswordCoordinator.swift in Sources */ = {isa = PBXBuildFile; fileRef = A11E90BD2860561A00FA5D95 /* ForgotPasswordCoordinator.swift */; };
		A13FFB332854D5CA004F6E5A /* Coordinator.swift in Sources */ = {isa = PBXBuildFile; fileRef = A13FFB322854D5CA004F6E5A /* Coordinator.swift */; };
		A13FFB352854D5D6004F6E5A /* AppCoordinator.swift in Sources */ = {isa = PBXBuildFile; fileRef = A13FFB342854D5D6004F6E5A /* AppCoordinator.swift */; };
		A13FFB372854E339004F6E5A /* WelcomeCoordinator.swift in Sources */ = {isa = PBXBuildFile; fileRef = A13FFB362854E339004F6E5A /* WelcomeCoordinator.swift */; };
		A13FFB392854E4B0004F6E5A /* SceneDelegate.swift in Sources */ = {isa = PBXBuildFile; fileRef = A13FFB382854E4B0004F6E5A /* SceneDelegate.swift */; };
		A13FFBFE28562466004F6E5A /* UILabel+Extensions.swift in Sources */ = {isa = PBXBuildFile; fileRef = A13FFBFC28562466004F6E5A /* UILabel+Extensions.swift */; };
		A13FFBFF28562466004F6E5A /* UIStackView+Extensions.swift in Sources */ = {isa = PBXBuildFile; fileRef = A13FFBFD28562466004F6E5A /* UIStackView+Extensions.swift */; };
		A15FFF22285CE33200D61898 /* SignUpViewController.swift in Sources */ = {isa = PBXBuildFile; fileRef = A15FFF21285CE33200D61898 /* SignUpViewController.swift */; };
		A15FFF26285CEA8300D61898 /* UITextFields+Extensions.swift in Sources */ = {isa = PBXBuildFile; fileRef = A15FFF25285CEA8300D61898 /* UITextFields+Extensions.swift */; };
		A15FFF2A285CEC2700D61898 /* MainAppButton.swift in Sources */ = {isa = PBXBuildFile; fileRef = A15FFF29285CEC2700D61898 /* MainAppButton.swift */; };
		A15FFF2C285CEE2600D61898 /* RoundedTextField.swift in Sources */ = {isa = PBXBuildFile; fileRef = A15FFF2B285CEE2600D61898 /* RoundedTextField.swift */; };
		A1F4751328549D0800C26658 /* AppDelegate.swift in Sources */ = {isa = PBXBuildFile; fileRef = A1F4751228549D0800C26658 /* AppDelegate.swift */; };
		A1F4751728549D0800C26658 /* WelcomeViewController.swift in Sources */ = {isa = PBXBuildFile; fileRef = A1F4751628549D0800C26658 /* WelcomeViewController.swift */; };
		A1F4751D28549D0800C26658 /* Lotus.xcdatamodeld in Sources */ = {isa = PBXBuildFile; fileRef = A1F4751B28549D0800C26658 /* Lotus.xcdatamodeld */; };
		A1F4751F28549D0900C26658 /* Assets.xcassets in Resources */ = {isa = PBXBuildFile; fileRef = A1F4751E28549D0900C26658 /* Assets.xcassets */; };
		A1F4752228549D0900C26658 /* LaunchScreen.storyboard in Resources */ = {isa = PBXBuildFile; fileRef = A1F4752028549D0900C26658 /* LaunchScreen.storyboard */; };
		A1F475322854A20400C26658 /* AppColors.swift in Sources */ = {isa = PBXBuildFile; fileRef = A1F475312854A20400C26658 /* AppColors.swift */; };
/* End PBXBuildFile section */

/* Begin PBXFileReference section */
		A11E90AF285DFECF00FA5D95 /* SignUpCoordinator.swift */ = {isa = PBXFileReference; lastKnownFileType = sourcecode.swift; path = SignUpCoordinator.swift; sourceTree = "<group>"; };
		A11E90B6285E0AA200FA5D95 /* LoginViewController.swift */ = {isa = PBXFileReference; lastKnownFileType = sourcecode.swift; path = LoginViewController.swift; sourceTree = "<group>"; };
		A11E90B8285E0D1100FA5D95 /* LoginCoordinator.swift */ = {isa = PBXFileReference; lastKnownFileType = sourcecode.swift; path = LoginCoordinator.swift; sourceTree = "<group>"; };
		A11E90BB2860560400FA5D95 /* ForgotPasswordViewController.swift */ = {isa = PBXFileReference; lastKnownFileType = sourcecode.swift; path = ForgotPasswordViewController.swift; sourceTree = "<group>"; };
		A11E90BD2860561A00FA5D95 /* ForgotPasswordCoordinator.swift */ = {isa = PBXFileReference; lastKnownFileType = sourcecode.swift; path = ForgotPasswordCoordinator.swift; sourceTree = "<group>"; };
		A13FFB322854D5CA004F6E5A /* Coordinator.swift */ = {isa = PBXFileReference; lastKnownFileType = sourcecode.swift; path = Coordinator.swift; sourceTree = "<group>"; };
		A13FFB342854D5D6004F6E5A /* AppCoordinator.swift */ = {isa = PBXFileReference; lastKnownFileType = sourcecode.swift; path = AppCoordinator.swift; sourceTree = "<group>"; };
		A13FFB362854E339004F6E5A /* WelcomeCoordinator.swift */ = {isa = PBXFileReference; lastKnownFileType = sourcecode.swift; path = WelcomeCoordinator.swift; sourceTree = "<group>"; };
		A13FFB382854E4B0004F6E5A /* SceneDelegate.swift */ = {isa = PBXFileReference; fileEncoding = 4; lastKnownFileType = sourcecode.swift; path = SceneDelegate.swift; sourceTree = "<group>"; };
		A13FFBFC28562466004F6E5A /* UILabel+Extensions.swift */ = {isa = PBXFileReference; fileEncoding = 4; lastKnownFileType = sourcecode.swift; path = "UILabel+Extensions.swift"; sourceTree = "<group>"; };
		A13FFBFD28562466004F6E5A /* UIStackView+Extensions.swift */ = {isa = PBXFileReference; fileEncoding = 4; lastKnownFileType = sourcecode.swift; path = "UIStackView+Extensions.swift"; sourceTree = "<group>"; };
		A15FFF21285CE33200D61898 /* SignUpViewController.swift */ = {isa = PBXFileReference; lastKnownFileType = sourcecode.swift; path = SignUpViewController.swift; sourceTree = "<group>"; };
		A15FFF25285CEA8300D61898 /* UITextFields+Extensions.swift */ = {isa = PBXFileReference; lastKnownFileType = sourcecode.swift; path = "UITextFields+Extensions.swift"; sourceTree = "<group>"; };
		A15FFF29285CEC2700D61898 /* MainAppButton.swift */ = {isa = PBXFileReference; lastKnownFileType = sourcecode.swift; path = MainAppButton.swift; sourceTree = "<group>"; };
		A15FFF2B285CEE2600D61898 /* RoundedTextField.swift */ = {isa = PBXFileReference; lastKnownFileType = sourcecode.swift; path = RoundedTextField.swift; sourceTree = "<group>"; };
		A1F4750F28549D0800C26658 /* Lotus.app */ = {isa = PBXFileReference; explicitFileType = wrapper.application; includeInIndex = 0; path = Lotus.app; sourceTree = BUILT_PRODUCTS_DIR; };
		A1F4751228549D0800C26658 /* AppDelegate.swift */ = {isa = PBXFileReference; lastKnownFileType = sourcecode.swift; path = AppDelegate.swift; sourceTree = "<group>"; };
		A1F4751628549D0800C26658 /* WelcomeViewController.swift */ = {isa = PBXFileReference; lastKnownFileType = sourcecode.swift; path = WelcomeViewController.swift; sourceTree = "<group>"; };
		A1F4751C28549D0800C26658 /* Lotus.xcdatamodel */ = {isa = PBXFileReference; lastKnownFileType = wrapper.xcdatamodel; path = Lotus.xcdatamodel; sourceTree = "<group>"; };
		A1F4751E28549D0900C26658 /* Assets.xcassets */ = {isa = PBXFileReference; lastKnownFileType = folder.assetcatalog; path = Assets.xcassets; sourceTree = "<group>"; };
		A1F4752128549D0900C26658 /* Base */ = {isa = PBXFileReference; lastKnownFileType = file.storyboard; name = Base; path = Base.lproj/LaunchScreen.storyboard; sourceTree = "<group>"; };
		A1F4752328549D0900C26658 /* Info.plist */ = {isa = PBXFileReference; lastKnownFileType = text.plist.xml; path = Info.plist; sourceTree = "<group>"; };
		A1F475312854A20400C26658 /* AppColors.swift */ = {isa = PBXFileReference; lastKnownFileType = sourcecode.swift; path = AppColors.swift; sourceTree = "<group>"; };
/* End PBXFileReference section */

/* Begin PBXFrameworksBuildPhase section */
		A1F4750C28549D0800C26658 /* Frameworks */ = {
			isa = PBXFrameworksBuildPhase;
			buildActionMask = 2147483647;
			files = (
			);
			runOnlyForDeploymentPostprocessing = 0;
		};
/* End PBXFrameworksBuildPhase section */

/* Begin PBXGroup section */
		A11E90B1285E091B00FA5D95 /* Protocols */ = {
			isa = PBXGroup;
			children = (
				A1F4752A28549DE800C26658 /* Coordinator */,
			);
			path = Protocols;
			sourceTree = "<group>";
		};
		A11E90B2285E092E00FA5D95 /* Welcome */ = {
			isa = PBXGroup;
			children = (
				A13FFB362854E339004F6E5A /* WelcomeCoordinator.swift */,
				A1F4751628549D0800C26658 /* WelcomeViewController.swift */,
			);
			path = Welcome;
			sourceTree = "<group>";
		};
		A11E90B3285E093F00FA5D95 /* SignUp */ = {
			isa = PBXGroup;
			children = (
				A15FFF21285CE33200D61898 /* SignUpViewController.swift */,
				A11E90AF285DFECF00FA5D95 /* SignUpCoordinator.swift */,
			);
			path = SignUp;
			sourceTree = "<group>";
		};
		A11E90B4285E096A00FA5D95 /* Core */ = {
			isa = PBXGroup;
			children = (
				A11E90B2285E092E00FA5D95 /* Welcome */,
				A11E90B5285E0A1B00FA5D95 /* Login */,
				A11E90BA286055DC00FA5D95 /* Forgot Password */,
				A11E90B3285E093F00FA5D95 /* SignUp */,
			);
			path = Core;
			sourceTree = "<group>";
		};
		A11E90B5285E0A1B00FA5D95 /* Login */ = {
			isa = PBXGroup;
			children = (
				A11E90B6285E0AA200FA5D95 /* LoginViewController.swift */,
				A11E90B8285E0D1100FA5D95 /* LoginCoordinator.swift */,
			);
			path = Login;
			sourceTree = "<group>";
		};
		A11E90BA286055DC00FA5D95 /* Forgot Password */ = {
			isa = PBXGroup;
			children = (
				A11E90BB2860560400FA5D95 /* ForgotPasswordViewController.swift */,
				A11E90BD2860561A00FA5D95 /* ForgotPasswordCoordinator.swift */,
			);
			path = "Forgot Password";
			sourceTree = "<group>";
		};
		A13FFB3A28560CE6004F6E5A /* Extensions */ = {
			isa = PBXGroup;
			children = (
				A13FFBFC28562466004F6E5A /* UILabel+Extensions.swift */,
				A13FFBFD28562466004F6E5A /* UIStackView+Extensions.swift */,
				A15FFF25285CEA8300D61898 /* UITextFields+Extensions.swift */,
			);
			path = Extensions;
			sourceTree = "<group>";
		};
		A15FFF27285CEABB00D61898 /* Utilities */ = {
			isa = PBXGroup;
			children = (
				A15FFF28285CEB2E00D61898 /* View */,
			);
			path = Utilities;
			sourceTree = "<group>";
		};
		A15FFF28285CEB2E00D61898 /* View */ = {
			isa = PBXGroup;
			children = (
				A15FFF29285CEC2700D61898 /* MainAppButton.swift */,
				A15FFF2B285CEE2600D61898 /* RoundedTextField.swift */,
			);
			path = View;
			sourceTree = "<group>";
		};
		A1F4750628549D0800C26658 = {
			isa = PBXGroup;
			children = (
				A1F4751128549D0800C26658 /* Lotus */,
				A1F4751028549D0800C26658 /* Products */,
			);
			sourceTree = "<group>";
		};
		A1F4751028549D0800C26658 /* Products */ = {
			isa = PBXGroup;
			children = (
				A1F4750F28549D0800C26658 /* Lotus.app */,
			);
			name = Products;
			sourceTree = "<group>";
		};
		A1F4751128549D0800C26658 /* Lotus */ = {
			isa = PBXGroup;
			children = (
				A1F4752E28549E4B00C26658 /* Application */,
				A15FFF27285CEABB00D61898 /* Utilities */,
				A11E90B1285E091B00FA5D95 /* Protocols */,
				A11E90B4285E096A00FA5D95 /* Core */,
				A1F4752928549DDE00C26658 /* Managers */,
				A1F475302854A00900C26658 /* Resources */,
				A13FFB3A28560CE6004F6E5A /* Extensions */,
				A1F4752328549D0900C26658 /* Info.plist */,
				A1F4751B28549D0800C26658 /* Lotus.xcdatamodeld */,
			);
			path = Lotus;
			sourceTree = "<group>";
		};
		A1F4752928549DDE00C26658 /* Managers */ = {
			isa = PBXGroup;
			children = (
			);
			path = Managers;
			sourceTree = "<group>";
		};
		A1F4752A28549DE800C26658 /* Coordinator */ = {
			isa = PBXGroup;
			children = (
				A13FFB322854D5CA004F6E5A /* Coordinator.swift */,
			);
			path = Coordinator;
			sourceTree = "<group>";
		};
		A1F4752E28549E4B00C26658 /* Application */ = {
			isa = PBXGroup;
			children = (
				A13FFB342854D5D6004F6E5A /* AppCoordinator.swift */,
				A1F4751228549D0800C26658 /* AppDelegate.swift */,
				A13FFB382854E4B0004F6E5A /* SceneDelegate.swift */,
			);
			path = Application;
			sourceTree = "<group>";
		};
		A1F475302854A00900C26658 /* Resources */ = {
			isa = PBXGroup;
			children = (
				A1F475312854A20400C26658 /* AppColors.swift */,
				A1F4752028549D0900C26658 /* LaunchScreen.storyboard */,
				A1F4751E28549D0900C26658 /* Assets.xcassets */,
			);
			path = Resources;
			sourceTree = "<group>";
		};
/* End PBXGroup section */

/* Begin PBXNativeTarget section */
		A1F4750E28549D0800C26658 /* Lotus */ = {
			isa = PBXNativeTarget;
			buildConfigurationList = A1F4752628549D0900C26658 /* Build configuration list for PBXNativeTarget "Lotus" */;
			buildPhases = (
				A1F4750B28549D0800C26658 /* Sources */,
				A1F4750C28549D0800C26658 /* Frameworks */,
				A1F4750D28549D0800C26658 /* Resources */,
			);
			buildRules = (
			);
			dependencies = (
			);
			name = Lotus;
			productName = Lotus;
			productReference = A1F4750F28549D0800C26658 /* Lotus.app */;
			productType = "com.apple.product-type.application";
		};
/* End PBXNativeTarget section */

/* Begin PBXProject section */
		A1F4750728549D0800C26658 /* Project object */ = {
			isa = PBXProject;
			attributes = {
				BuildIndependentTargetsInParallel = 1;
				LastSwiftUpdateCheck = 1330;
				LastUpgradeCheck = 1330;
				TargetAttributes = {
					A1F4750E28549D0800C26658 = {
						CreatedOnToolsVersion = 13.3.1;
					};
				};
			};
			buildConfigurationList = A1F4750A28549D0800C26658 /* Build configuration list for PBXProject "Lotus" */;
			compatibilityVersion = "Xcode 13.0";
			developmentRegion = en;
			hasScannedForEncodings = 0;
			knownRegions = (
				en,
				Base,
			);
			mainGroup = A1F4750628549D0800C26658;
			productRefGroup = A1F4751028549D0800C26658 /* Products */;
			projectDirPath = "";
			projectRoot = "";
			targets = (
				A1F4750E28549D0800C26658 /* Lotus */,
			);
		};
/* End PBXProject section */

/* Begin PBXResourcesBuildPhase section */
		A1F4750D28549D0800C26658 /* Resources */ = {
			isa = PBXResourcesBuildPhase;
			buildActionMask = 2147483647;
			files = (
				A1F4752228549D0900C26658 /* LaunchScreen.storyboard in Resources */,
				A1F4751F28549D0900C26658 /* Assets.xcassets in Resources */,
			);
			runOnlyForDeploymentPostprocessing = 0;
		};
/* End PBXResourcesBuildPhase section */

/* Begin PBXSourcesBuildPhase section */
		A1F4750B28549D0800C26658 /* Sources */ = {
			isa = PBXSourcesBuildPhase;
			buildActionMask = 2147483647;
			files = (
				A11E90B9285E0D1100FA5D95 /* LoginCoordinator.swift in Sources */,
				A15FFF22285CE33200D61898 /* SignUpViewController.swift in Sources */,
				A1F4751728549D0800C26658 /* WelcomeViewController.swift in Sources */,
				A1F4751D28549D0800C26658 /* Lotus.xcdatamodeld in Sources */,
				A15FFF26285CEA8300D61898 /* UITextFields+Extensions.swift in Sources */,
				A13FFBFE28562466004F6E5A /* UILabel+Extensions.swift in Sources */,
				A15FFF2A285CEC2700D61898 /* MainAppButton.swift in Sources */,
				A13FFB352854D5D6004F6E5A /* AppCoordinator.swift in Sources */,
				A13FFB372854E339004F6E5A /* WelcomeCoordinator.swift in Sources */,
				A13FFB332854D5CA004F6E5A /* Coordinator.swift in Sources */,
				A1F4751328549D0800C26658 /* AppDelegate.swift in Sources */,
				A13FFBFF28562466004F6E5A /* UIStackView+Extensions.swift in Sources */,
				A11E90B0285DFECF00FA5D95 /* SignUpCoordinator.swift in Sources */,
				A11E90B7285E0AA200FA5D95 /* LoginViewController.swift in Sources */,
				A11E90BC2860560400FA5D95 /* ForgotPasswordViewController.swift in Sources */,
				A15FFF2C285CEE2600D61898 /* RoundedTextField.swift in Sources */,
				A1F475322854A20400C26658 /* AppColors.swift in Sources */,
				A11E90BE2860561A00FA5D95 /* ForgotPasswordCoordinator.swift in Sources */,
				A13FFB392854E4B0004F6E5A /* SceneDelegate.swift in Sources */,
			);
			runOnlyForDeploymentPostprocessing = 0;
		};
/* End PBXSourcesBuildPhase section */

/* Begin PBXVariantGroup section */
		A1F4752028549D0900C26658 /* LaunchScreen.storyboard */ = {
			isa = PBXVariantGroup;
			children = (
				A1F4752128549D0900C26658 /* Base */,
			);
			name = LaunchScreen.storyboard;
			sourceTree = "<group>";
		};
/* End PBXVariantGroup section */

/* Begin XCBuildConfiguration section */
		A1F4752428549D0900C26658 /* Debug */ = {
			isa = XCBuildConfiguration;
			buildSettings = {
				ALWAYS_SEARCH_USER_PATHS = NO;
				CLANG_ANALYZER_NONNULL = YES;
				CLANG_ANALYZER_NUMBER_OBJECT_CONVERSION = YES_AGGRESSIVE;
				CLANG_CXX_LANGUAGE_STANDARD = "gnu++17";
				CLANG_ENABLE_MODULES = YES;
				CLANG_ENABLE_OBJC_ARC = YES;
				CLANG_ENABLE_OBJC_WEAK = YES;
				CLANG_WARN_BLOCK_CAPTURE_AUTORELEASING = YES;
				CLANG_WARN_BOOL_CONVERSION = YES;
				CLANG_WARN_COMMA = YES;
				CLANG_WARN_CONSTANT_CONVERSION = YES;
				CLANG_WARN_DEPRECATED_OBJC_IMPLEMENTATIONS = YES;
				CLANG_WARN_DIRECT_OBJC_ISA_USAGE = YES_ERROR;
				CLANG_WARN_DOCUMENTATION_COMMENTS = YES;
				CLANG_WARN_EMPTY_BODY = YES;
				CLANG_WARN_ENUM_CONVERSION = YES;
				CLANG_WARN_INFINITE_RECURSION = YES;
				CLANG_WARN_INT_CONVERSION = YES;
				CLANG_WARN_NON_LITERAL_NULL_CONVERSION = YES;
				CLANG_WARN_OBJC_IMPLICIT_RETAIN_SELF = YES;
				CLANG_WARN_OBJC_LITERAL_CONVERSION = YES;
				CLANG_WARN_OBJC_ROOT_CLASS = YES_ERROR;
				CLANG_WARN_QUOTED_INCLUDE_IN_FRAMEWORK_HEADER = YES;
				CLANG_WARN_RANGE_LOOP_ANALYSIS = YES;
				CLANG_WARN_STRICT_PROTOTYPES = YES;
				CLANG_WARN_SUSPICIOUS_MOVE = YES;
				CLANG_WARN_UNGUARDED_AVAILABILITY = YES_AGGRESSIVE;
				CLANG_WARN_UNREACHABLE_CODE = YES;
				CLANG_WARN__DUPLICATE_METHOD_MATCH = YES;
				COPY_PHASE_STRIP = NO;
				DEBUG_INFORMATION_FORMAT = dwarf;
				ENABLE_STRICT_OBJC_MSGSEND = YES;
				ENABLE_TESTABILITY = YES;
				GCC_C_LANGUAGE_STANDARD = gnu11;
				GCC_DYNAMIC_NO_PIC = NO;
				GCC_NO_COMMON_BLOCKS = YES;
				GCC_OPTIMIZATION_LEVEL = 0;
				GCC_PREPROCESSOR_DEFINITIONS = (
					"DEBUG=1",
					"$(inherited)",
				);
				GCC_WARN_64_TO_32_BIT_CONVERSION = YES;
				GCC_WARN_ABOUT_RETURN_TYPE = YES_ERROR;
				GCC_WARN_UNDECLARED_SELECTOR = YES;
				GCC_WARN_UNINITIALIZED_AUTOS = YES_AGGRESSIVE;
				GCC_WARN_UNUSED_FUNCTION = YES;
				GCC_WARN_UNUSED_VARIABLE = YES;
				IPHONEOS_DEPLOYMENT_TARGET = 15.4;
				MTL_ENABLE_DEBUG_INFO = INCLUDE_SOURCE;
				MTL_FAST_MATH = YES;
				ONLY_ACTIVE_ARCH = YES;
				SDKROOT = iphoneos;
				SWIFT_ACTIVE_COMPILATION_CONDITIONS = DEBUG;
				SWIFT_OPTIMIZATION_LEVEL = "-Onone";
			};
			name = Debug;
		};
		A1F4752528549D0900C26658 /* Release */ = {
			isa = XCBuildConfiguration;
			buildSettings = {
				ALWAYS_SEARCH_USER_PATHS = NO;
				CLANG_ANALYZER_NONNULL = YES;
				CLANG_ANALYZER_NUMBER_OBJECT_CONVERSION = YES_AGGRESSIVE;
				CLANG_CXX_LANGUAGE_STANDARD = "gnu++17";
				CLANG_ENABLE_MODULES = YES;
				CLANG_ENABLE_OBJC_ARC = YES;
				CLANG_ENABLE_OBJC_WEAK = YES;
				CLANG_WARN_BLOCK_CAPTURE_AUTORELEASING = YES;
				CLANG_WARN_BOOL_CONVERSION = YES;
				CLANG_WARN_COMMA = YES;
				CLANG_WARN_CONSTANT_CONVERSION = YES;
				CLANG_WARN_DEPRECATED_OBJC_IMPLEMENTATIONS = YES;
				CLANG_WARN_DIRECT_OBJC_ISA_USAGE = YES_ERROR;
				CLANG_WARN_DOCUMENTATION_COMMENTS = YES;
				CLANG_WARN_EMPTY_BODY = YES;
				CLANG_WARN_ENUM_CONVERSION = YES;
				CLANG_WARN_INFINITE_RECURSION = YES;
				CLANG_WARN_INT_CONVERSION = YES;
				CLANG_WARN_NON_LITERAL_NULL_CONVERSION = YES;
				CLANG_WARN_OBJC_IMPLICIT_RETAIN_SELF = YES;
				CLANG_WARN_OBJC_LITERAL_CONVERSION = YES;
				CLANG_WARN_OBJC_ROOT_CLASS = YES_ERROR;
				CLANG_WARN_QUOTED_INCLUDE_IN_FRAMEWORK_HEADER = YES;
				CLANG_WARN_RANGE_LOOP_ANALYSIS = YES;
				CLANG_WARN_STRICT_PROTOTYPES = YES;
				CLANG_WARN_SUSPICIOUS_MOVE = YES;
				CLANG_WARN_UNGUARDED_AVAILABILITY = YES_AGGRESSIVE;
				CLANG_WARN_UNREACHABLE_CODE = YES;
				CLANG_WARN__DUPLICATE_METHOD_MATCH = YES;
				COPY_PHASE_STRIP = NO;
				DEBUG_INFORMATION_FORMAT = "dwarf-with-dsym";
				ENABLE_NS_ASSERTIONS = NO;
				ENABLE_STRICT_OBJC_MSGSEND = YES;
				GCC_C_LANGUAGE_STANDARD = gnu11;
				GCC_NO_COMMON_BLOCKS = YES;
				GCC_WARN_64_TO_32_BIT_CONVERSION = YES;
				GCC_WARN_ABOUT_RETURN_TYPE = YES_ERROR;
				GCC_WARN_UNDECLARED_SELECTOR = YES;
				GCC_WARN_UNINITIALIZED_AUTOS = YES_AGGRESSIVE;
				GCC_WARN_UNUSED_FUNCTION = YES;
				GCC_WARN_UNUSED_VARIABLE = YES;
				IPHONEOS_DEPLOYMENT_TARGET = 15.4;
				MTL_ENABLE_DEBUG_INFO = NO;
				MTL_FAST_MATH = YES;
				SDKROOT = iphoneos;
				SWIFT_COMPILATION_MODE = wholemodule;
				SWIFT_OPTIMIZATION_LEVEL = "-O";
				VALIDATE_PRODUCT = YES;
			};
			name = Release;
		};
		A1F4752728549D0900C26658 /* Debug */ = {
			isa = XCBuildConfiguration;
			buildSettings = {
				ASSETCATALOG_COMPILER_APPICON_NAME = AppIcon;
				ASSETCATALOG_COMPILER_GLOBAL_ACCENT_COLOR_NAME = AccentColor;
				CODE_SIGN_IDENTITY = "Apple Development";
				CODE_SIGN_STYLE = Automatic;
				CURRENT_PROJECT_VERSION = 1;
				DEVELOPMENT_TEAM = A55B4JSB5L;
				GENERATE_INFOPLIST_FILE = YES;
				INFOPLIST_FILE = Lotus/Info.plist;
				INFOPLIST_KEY_UIApplicationSupportsIndirectInputEvents = YES;
				INFOPLIST_KEY_UILaunchStoryboardName = LaunchScreen;
				INFOPLIST_KEY_UISupportedInterfaceOrientations = UIInterfaceOrientationPortrait;
				INFOPLIST_KEY_UISupportedInterfaceOrientations_iPad = "UIInterfaceOrientationPortrait UIInterfaceOrientationPortraitUpsideDown UIInterfaceOrientationLandscapeLeft UIInterfaceOrientationLandscapeRight";
				INFOPLIST_KEY_UISupportedInterfaceOrientations_iPhone = "UIInterfaceOrientationPortrait UIInterfaceOrientationLandscapeLeft UIInterfaceOrientationLandscapeRight";
				INFOPLIST_KEY_UIUserInterfaceStyle = Light;
				LD_RUNPATH_SEARCH_PATHS = (
					"$(inherited)",
					"@executable_path/Frameworks",
				);
				MARKETING_VERSION = 1.0;
				PRODUCT_BUNDLE_IDENTIFIER = com.oksana.poliakova.Lotus;
				PRODUCT_NAME = "$(TARGET_NAME)";
				PROVISIONING_PROFILE_SPECIFIER = "";
				SWIFT_EMIT_LOC_STRINGS = YES;
				SWIFT_VERSION = 5.0;
				TARGETED_DEVICE_FAMILY = "1,2";
			};
			name = Debug;
		};
		A1F4752828549D0900C26658 /* Release */ = {
			isa = XCBuildConfiguration;
			buildSettings = {
				ASSETCATALOG_COMPILER_APPICON_NAME = AppIcon;
				ASSETCATALOG_COMPILER_GLOBAL_ACCENT_COLOR_NAME = AccentColor;
				CODE_SIGN_IDENTITY = "Apple Development";
				CODE_SIGN_STYLE = Automatic;
				CURRENT_PROJECT_VERSION = 1;
				DEVELOPMENT_TEAM = A55B4JSB5L;
				GENERATE_INFOPLIST_FILE = YES;
				INFOPLIST_FILE = Lotus/Info.plist;
				INFOPLIST_KEY_UIApplicationSupportsIndirectInputEvents = YES;
				INFOPLIST_KEY_UILaunchStoryboardName = LaunchScreen;
				INFOPLIST_KEY_UISupportedInterfaceOrientations = UIInterfaceOrientationPortrait;
				INFOPLIST_KEY_UISupportedInterfaceOrientations_iPad = "UIInterfaceOrientationPortrait UIInterfaceOrientationPortraitUpsideDown UIInterfaceOrientationLandscapeLeft UIInterfaceOrientationLandscapeRight";
				INFOPLIST_KEY_UISupportedInterfaceOrientations_iPhone = "UIInterfaceOrientationPortrait UIInterfaceOrientationLandscapeLeft UIInterfaceOrientationLandscapeRight";
				INFOPLIST_KEY_UIUserInterfaceStyle = Light;
				LD_RUNPATH_SEARCH_PATHS = (
					"$(inherited)",
					"@executable_path/Frameworks",
				);
				MARKETING_VERSION = 1.0;
				PRODUCT_BUNDLE_IDENTIFIER = com.oksana.poliakova.Lotus;
				PRODUCT_NAME = "$(TARGET_NAME)";
				PROVISIONING_PROFILE_SPECIFIER = "";
				SWIFT_EMIT_LOC_STRINGS = YES;
				SWIFT_VERSION = 5.0;
				TARGETED_DEVICE_FAMILY = "1,2";
			};
			name = Release;
		};
/* End XCBuildConfiguration section */

/* Begin XCConfigurationList section */
		A1F4750A28549D0800C26658 /* Build configuration list for PBXProject "Lotus" */ = {
			isa = XCConfigurationList;
			buildConfigurations = (
				A1F4752428549D0900C26658 /* Debug */,
				A1F4752528549D0900C26658 /* Release */,
			);
			defaultConfigurationIsVisible = 0;
			defaultConfigurationName = Release;
		};
		A1F4752628549D0900C26658 /* Build configuration list for PBXNativeTarget "Lotus" */ = {
			isa = XCConfigurationList;
			buildConfigurations = (
				A1F4752728549D0900C26658 /* Debug */,
				A1F4752828549D0900C26658 /* Release */,
			);
			defaultConfigurationIsVisible = 0;
			defaultConfigurationName = Release;
		};
/* End XCConfigurationList section */

/* Begin XCVersionGroup section */
		A1F4751B28549D0800C26658 /* Lotus.xcdatamodeld */ = {
			isa = XCVersionGroup;
			children = (
				A1F4751C28549D0800C26658 /* Lotus.xcdatamodel */,
			);
			currentVersion = A1F4751C28549D0800C26658 /* Lotus.xcdatamodel */;
			path = Lotus.xcdatamodeld;
			sourceTree = "<group>";
			versionGroupType = wrapper.xcdatamodel;
		};
/* End XCVersionGroup section */
	};
	rootObject = A1F4750728549D0800C26658 /* Project object */;
}
